<Solution>
    <Folder Name="/common/">
        <File Path=".gitignore" />
        <File Path="Directory.Packages.props" />
        <File Path="Directory.Build.props" />
    </Folder>
    <Folder Name="/src/">
        <Project Path="src/SimpleASTInterpreter/SimpleASTInterpreter.csproj" />
        <Project Path="src\SimpleASTInterpreter.Core\SimpleASTInterpreter.Core.csproj" />
    </Folder>
</Solution>
